
Microsoft Visual Studio Solution File, Format Version 12.00
# Visual Studio Version 17
VisualStudioVersion = 17.8.34316.72
MinimumVisualStudioVersion = 10.0.40219.1
Project("{FAE04EC0-301F-11D3-BF4B-00C04F79EFBC}") = "TestApp", "TestProject1\TestApp.csproj", "{B6E2D3CF-9EEC-4F09-8508-D6F5F67045A7}"
EndProject
Global
	GlobalSection(SolutionConfigurationPlatforms) = preSolution
		Debug|Any CPU = Debug|Any CPU
		Release|Any CPU = Release|Any CPU
	EndGlobalSection
	GlobalSection(ProjectConfigurationPlatforms) = postSolution
		{B6E2D3CF-9EEC-4F09-8508-D6F5F67045A7}.Debug|Any CPU.ActiveCfg = Debug|Any CPU
		{B6E2D3CF-9EEC-4F09-8508-D6F5F67045A7}.Debug|Any CPU.Build.0 = Debug|Any CPU
		{B6E2D3CF-9EEC-4F09-8508-D6F5F67045A7}.Release|Any CPU.ActiveCfg = Release|Any CPU
		{B6E2D3CF-9EEC-4F09-8508-D6F5F67045A7}.Release|Any CPU.Build.0 = Release|Any CPU
	EndGlobalSection
	GlobalSection(SolutionProperties) = preSolution
		HideSolutionNode = FALSE
	EndGlobalSection
	GlobalSection(ExtensibilityGlobals) = postSolution
		SolutionGuid = {D8EAD169-F8B5-4146-B164-EF478FC8A75C}
	EndGlobalSection
EndGlobal
